
Microsoft Visual Studio Solution File, Format Version 12.00
# Visual Studio 15
Project("{FAE04EC0-301F-11D3-BF4B-00C04F79EFBC}") = "Assembly-CSharp", "Assembly-CSharp.csproj", "{47EB80BB-64F1-6FF5-F50D-E81C54646F37}"
EndProject
Project("{FAE04EC0-301F-11D3-BF4B-00C04F79EFBC}") = "Assembly-CSharp-firstpass", "Assembly-CSharp-firstpass.csproj", "{ACDC7240-2244-0569-DB39-8671B3576DEF}"
EndProject
Project("{FAE04EC0-301F-11D3-BF4B-00C04F79EFBC}") = "Assembly-CSharp-Editor", "Assembly-CSharp-Editor.csproj", "{5BEC81C3-57EE-207D-B3C6-238DC0732C4A}"
EndProject
Global
	GlobalSection(SolutionConfigurationPlatforms) = preSolution
		Debug|Any CPU = Debug|Any CPU
		Release|Any CPU = Release|Any CPU
	EndGlobalSection
	GlobalSection(ProjectConfigurationPlatforms) = postSolution
		{47EB80BB-64F1-6FF5-F50D-E81C54646F37}.Debug|Any CPU.ActiveCfg = Debug|Any CPU
		{47EB80BB-64F1-6FF5-F50D-E81C54646F37}.Debug|Any CPU.Build.0 = Debug|Any CPU
		{47EB80BB-64F1-6FF5-F50D-E81C54646F37}.Release|Any CPU.ActiveCfg = Release|Any CPU
		{47EB80BB-64F1-6FF5-F50D-E81C54646F37}.Release|Any CPU.Build.0 = Release|Any CPU
		{ACDC7240-2244-0569-DB39-8671B3576DEF}.Debug|Any CPU.ActiveCfg = Debug|Any CPU
		{ACDC7240-2244-0569-DB39-8671B3576DEF}.Debug|Any CPU.Build.0 = Debug|Any CPU
		{ACDC7240-2244-0569-DB39-8671B3576DEF}.Release|Any CPU.ActiveCfg = Release|Any CPU
		{ACDC7240-2244-0569-DB39-8671B3576DEF}.Release|Any CPU.Build.0 = Release|Any CPU
		{5BEC81C3-57EE-207D-B3C6-238DC0732C4A}.Debug|Any CPU.ActiveCfg = Debug|Any CPU
		{5BEC81C3-57EE-207D-B3C6-238DC0732C4A}.Debug|Any CPU.Build.0 = Debug|Any CPU
		{5BEC81C3-57EE-207D-B3C6-238DC0732C4A}.Release|Any CPU.ActiveCfg = Release|Any CPU
		{5BEC81C3-57EE-207D-B3C6-238DC0732C4A}.Release|Any CPU.Build.0 = Release|Any CPU
	EndGlobalSection
	GlobalSection(SolutionProperties) = preSolution
		HideSolutionNode = FALSE
	EndGlobalSection
EndGlobal
